
Microsoft Visual Studio Solution File, Format Version 10.00
# Visual C# Express 2008
Project("{FAE04EC0-301F-11D3-BF4B-00C04F79EFBC}") = "ReadIcqHistory", "ReadIcqHistory\ReadIcqHistory.csproj", "{145C26A4-284C-4C03-804C-C45A9AC077CC}"
EndProject
Global
	GlobalSection(SolutionConfigurationPlatforms) = preSolution
		Debug|Any CPU = Debug|Any CPU
		Release|Any CPU = Release|Any CPU
	EndGlobalSection
	GlobalSection(ProjectConfigurationPlatforms) = postSolution
		{145C26A4-284C-4C03-804C-C45A9AC077CC}.Debug|Any CPU.ActiveCfg = Debug|Any CPU
		{145C26A4-284C-4C03-804C-C45A9AC077CC}.Debug|Any CPU.Build.0 = Debug|Any CPU
		{145C26A4-284C-4C03-804C-C45A9AC077CC}.Release|Any CPU.ActiveCfg = Release|Any CPU
		{145C26A4-284C-4C03-804C-C45A9AC077CC}.Release|Any CPU.Build.0 = Release|Any CPU
	EndGlobalSection
	GlobalSection(SolutionProperties) = preSolution
		HideSolutionNode = FALSE
	EndGlobalSection
EndGlobal
