
Microsoft Visual Studio Solution File, Format Version 10.00
# Visual C# Express 2008
Project("{FAE04EC0-301F-11D3-BF4B-00C04F79EFBC}") = "BalieSystem", "BalieSystem.Controls\BalieSystem.csproj", "{F2DE94AC-F367-44E7-A3B1-1831469AF2CE}"
EndProject
Global
	GlobalSection(SolutionConfigurationPlatforms) = preSolution
		Debug|Any CPU = Debug|Any CPU
		Release|Any CPU = Release|Any CPU
	EndGlobalSection
	GlobalSection(ProjectConfigurationPlatforms) = postSolution
		{F2DE94AC-F367-44E7-A3B1-1831469AF2CE}.Debug|Any CPU.ActiveCfg = Debug|Any CPU
		{F2DE94AC-F367-44E7-A3B1-1831469AF2CE}.Debug|Any CPU.Build.0 = Debug|Any CPU
		{F2DE94AC-F367-44E7-A3B1-1831469AF2CE}.Release|Any CPU.ActiveCfg = Release|Any CPU
		{F2DE94AC-F367-44E7-A3B1-1831469AF2CE}.Release|Any CPU.Build.0 = Release|Any CPU
	EndGlobalSection
	GlobalSection(SolutionProperties) = preSolution
		HideSolutionNode = FALSE
	EndGlobalSection
EndGlobal
